
Microsoft Visual Studio Solution File, Format Version 12.00
# Visual Studio 15
Project("{FAE04EC0-301F-11D3-BF4B-00C04F79EFBC}") = "PrototypeControlsSample.Android", "PrototypeControlsSample.Android\PrototypeControlsSample.Android.csproj", "{2E355E54-E291-4D7E-9C75-1B7F02F85C23}"
EndProject
Project("{FAE04EC0-301F-11D3-BF4B-00C04F79EFBC}") = "PrototypeControlsSample.iOS", "PrototypeControlsSample.iOS\PrototypeControlsSample.iOS.csproj", "{29FDA4CF-48DF-42AD-B512-84DA45C71C39}"
EndProject
Project("{FAE04EC0-301F-11D3-BF4B-00C04F79EFBC}") = "PrototypeControlsSample", "PrototypeControlsSample\PrototypeControlsSample.csproj", "{87086D26-8F94-4137-A73B-02F8058CFE4A}"
EndProject
Global
	GlobalSection(SolutionConfigurationPlatforms) = preSolution
		Debug|Any CPU = Debug|Any CPU
		Release|Any CPU = Release|Any CPU
		Debug|iPhoneSimulator = Debug|iPhoneSimulator
		Release|iPhoneSimulator = Release|iPhoneSimulator
		Debug|iPhone = Debug|iPhone
		Release|iPhone = Release|iPhone
	EndGlobalSection
	GlobalSection(ProjectConfigurationPlatforms) = postSolution
		{2E355E54-E291-4D7E-9C75-1B7F02F85C23}.Debug|Any CPU.ActiveCfg = Debug|Any CPU
		{2E355E54-E291-4D7E-9C75-1B7F02F85C23}.Debug|Any CPU.Build.0 = Debug|Any CPU
		{2E355E54-E291-4D7E-9C75-1B7F02F85C23}.Release|Any CPU.ActiveCfg = Release|Any CPU
		{2E355E54-E291-4D7E-9C75-1B7F02F85C23}.Release|Any CPU.Build.0 = Release|Any CPU
		{2E355E54-E291-4D7E-9C75-1B7F02F85C23}.Debug|iPhoneSimulator.ActiveCfg = Debug|Any CPU
		{2E355E54-E291-4D7E-9C75-1B7F02F85C23}.Debug|iPhoneSimulator.Build.0 = Debug|Any CPU
		{2E355E54-E291-4D7E-9C75-1B7F02F85C23}.Release|iPhoneSimulator.ActiveCfg = Release|Any CPU
		{2E355E54-E291-4D7E-9C75-1B7F02F85C23}.Release|iPhoneSimulator.Build.0 = Release|Any CPU
		{2E355E54-E291-4D7E-9C75-1B7F02F85C23}.Debug|iPhone.ActiveCfg = Debug|Any CPU
		{2E355E54-E291-4D7E-9C75-1B7F02F85C23}.Debug|iPhone.Build.0 = Debug|Any CPU
		{2E355E54-E291-4D7E-9C75-1B7F02F85C23}.Release|iPhone.ActiveCfg = Release|Any CPU
		{2E355E54-E291-4D7E-9C75-1B7F02F85C23}.Release|iPhone.Build.0 = Release|Any CPU
		{29FDA4CF-48DF-42AD-B512-84DA45C71C39}.Debug|Any CPU.ActiveCfg = Debug|iPhoneSimulator
		{29FDA4CF-48DF-42AD-B512-84DA45C71C39}.Debug|Any CPU.Build.0 = Debug|iPhoneSimulator
		{29FDA4CF-48DF-42AD-B512-84DA45C71C39}.Release|Any CPU.ActiveCfg = Release|iPhoneSimulator
		{29FDA4CF-48DF-42AD-B512-84DA45C71C39}.Release|Any CPU.Build.0 = Release|iPhoneSimulator
		{29FDA4CF-48DF-42AD-B512-84DA45C71C39}.Debug|iPhoneSimulator.ActiveCfg = Debug|iPhoneSimulator
		{29FDA4CF-48DF-42AD-B512-84DA45C71C39}.Debug|iPhoneSimulator.Build.0 = Debug|iPhoneSimulator
		{29FDA4CF-48DF-42AD-B512-84DA45C71C39}.Release|iPhoneSimulator.ActiveCfg = Release|iPhoneSimulator
		{29FDA4CF-48DF-42AD-B512-84DA45C71C39}.Release|iPhoneSimulator.Build.0 = Release|iPhoneSimulator
		{29FDA4CF-48DF-42AD-B512-84DA45C71C39}.Debug|iPhone.ActiveCfg = Debug|iPhone
		{29FDA4CF-48DF-42AD-B512-84DA45C71C39}.Debug|iPhone.Build.0 = Debug|iPhone
		{29FDA4CF-48DF-42AD-B512-84DA45C71C39}.Release|iPhone.ActiveCfg = Release|iPhone
		{29FDA4CF-48DF-42AD-B512-84DA45C71C39}.Release|iPhone.Build.0 = Release|iPhone
		{87086D26-8F94-4137-A73B-02F8058CFE4A}.Debug|Any CPU.ActiveCfg = Debug|Any CPU
		{87086D26-8F94-4137-A73B-02F8058CFE4A}.Debug|Any CPU.Build.0 = Debug|Any CPU
		{87086D26-8F94-4137-A73B-02F8058CFE4A}.Release|Any CPU.ActiveCfg = Release|Any CPU
		{87086D26-8F94-4137-A73B-02F8058CFE4A}.Release|Any CPU.Build.0 = Release|Any CPU
		{87086D26-8F94-4137-A73B-02F8058CFE4A}.Debug|iPhoneSimulator.ActiveCfg = Debug|Any CPU
		{87086D26-8F94-4137-A73B-02F8058CFE4A}.Debug|iPhoneSimulator.Build.0 = Debug|Any CPU
		{87086D26-8F94-4137-A73B-02F8058CFE4A}.Release|iPhoneSimulator.ActiveCfg = Release|Any CPU
		{87086D26-8F94-4137-A73B-02F8058CFE4A}.Release|iPhoneSimulator.Build.0 = Release|Any CPU
		{87086D26-8F94-4137-A73B-02F8058CFE4A}.Debug|iPhone.ActiveCfg = Debug|Any CPU
		{87086D26-8F94-4137-A73B-02F8058CFE4A}.Debug|iPhone.Build.0 = Debug|Any CPU
		{87086D26-8F94-4137-A73B-02F8058CFE4A}.Release|iPhone.ActiveCfg = Release|Any CPU
		{87086D26-8F94-4137-A73B-02F8058CFE4A}.Release|iPhone.Build.0 = Release|Any CPU
	EndGlobalSection
EndGlobal
